// !$*UTF8*$!
{
	archiveVersion = 1;
	classes = {
	};
	objectVersion = 56;
	objects = {

/* Begin PBXBuildFile section */
		B357ABD529A80AB2001F5CAC /* AppDelegate.swift in Sources */ = {isa = PBXBuildFile; fileRef = B357ABD429A80AB2001F5CAC /* AppDelegate.swift */; };
		B357ABD729A80AB2001F5CAC /* SceneDelegate.swift in Sources */ = {isa = PBXBuildFile; fileRef = B357ABD629A80AB2001F5CAC /* SceneDelegate.swift */; };
		B357ABD929A80AB2001F5CAC /* ViewController.swift in Sources */ = {isa = PBXBuildFile; fileRef = B357ABD829A80AB2001F5CAC /* ViewController.swift */; };
		B357ABDC29A80AB2001F5CAC /* Main.storyboard in Resources */ = {isa = PBXBuildFile; fileRef = B357ABDA29A80AB2001F5CAC /* Main.storyboard */; };
		B357ABDE29A80AB2001F5CAC /* Assets.xcassets in Resources */ = {isa = PBXBuildFile; fileRef = B357ABDD29A80AB2001F5CAC /* Assets.xcassets */; };
		B357ABE129A80AB2001F5CAC /* LaunchScreen.storyboard in Resources */ = {isa = PBXBuildFile; fileRef = B357ABDF29A80AB2001F5CAC /* LaunchScreen.storyboard */; };
		B357ABEB29A8598C001F5CAC /* Context.swift in Sources */ = {isa = PBXBuildFile; fileRef = B357ABEA29A8598C001F5CAC /* Context.swift */; };
		B357ABED29A85C68001F5CAC /* DetailViewController.swift in Sources */ = {isa = PBXBuildFile; fileRef = B357ABEC29A85C68001F5CAC /* DetailViewController.swift */; };
/* End PBXBuildFile section */

/* Begin PBXFileReference section */
		B357ABD129A80AB2001F5CAC /* Codepath - My Story Project.app */ = {isa = PBXFileReference; explicitFileType = wrapper.application; includeInIndex = 0; path = "Codepath - My Story Project.app"; sourceTree = BUILT_PRODUCTS_DIR; };
		B357ABD429A80AB2001F5CAC /* AppDelegate.swift */ = {isa = PBXFileReference; lastKnownFileType = sourcecode.swift; path = AppDelegate.swift; sourceTree = "<group>"; };
		B357ABD629A80AB2001F5CAC /* SceneDelegate.swift */ = {isa = PBXFileReference; lastKnownFileType = sourcecode.swift; path = SceneDelegate.swift; sourceTree = "<group>"; };
		B357ABD829A80AB2001F5CAC /* ViewController.swift */ = {isa = PBXFileReference; lastKnownFileType = sourcecode.swift; path = ViewController.swift; sourceTree = "<group>"; };
		B357ABDB29A80AB2001F5CAC /* Base */ = {isa = PBXFileReference; lastKnownFileType = file.storyboard; name = Base; path = Base.lproj/Main.storyboard; sourceTree = "<group>"; };
		B357ABDD29A80AB2001F5CAC /* Assets.xcassets */ = {isa = PBXFileReference; lastKnownFileType = folder.assetcatalog; path = Assets.xcassets; sourceTree = "<group>"; };
		B357ABE029A80AB2001F5CAC /* Base */ = {isa = PBXFileReference; lastKnownFileType = file.storyboard; name = Base; path = Base.lproj/LaunchScreen.storyboard; sourceTree = "<group>"; };
		B357ABE229A80AB2001F5CAC /* Info.plist */ = {isa = PBXFileReference; lastKnownFileType = text.plist.xml; path = Info.plist; sourceTree = "<group>"; };
		B357ABEA29A8598C001F5CAC /* Context.swift */ = {isa = PBXFileReference; lastKnownFileType = sourcecode.swift; path = Context.swift; sourceTree = "<group>"; };
		B357ABEC29A85C68001F5CAC /* DetailViewController.swift */ = {isa = PBXFileReference; lastKnownFileType = sourcecode.swift; path = DetailViewController.swift; sourceTree = "<group>"; };
		B357ABEE29A9175F001F5CAC /* README.md */ = {isa = PBXFileReference; lastKnownFileType = net.daringfireball.markdown; path = README.md; sourceTree = "<group>"; };
/* End PBXFileReference section */

/* Begin PBXFrameworksBuildPhase section */
		B357ABCE29A80AB2001F5CAC /* Frameworks */ = {
			isa = PBXFrameworksBuildPhase;
			buildActionMask = 2147483647;
			files = (
			);
			runOnlyForDeploymentPostprocessing = 0;
		};
/* End PBXFrameworksBuildPhase section */

/* Begin PBXGroup section */
		B357ABC829A80AB1001F5CAC = {
			isa = PBXGroup;
			children = (
				B357ABEE29A9175F001F5CAC /* README.md */,
				B357ABD329A80AB2001F5CAC /* Codepath - My Story Project */,
				B357ABD229A80AB2001F5CAC /* Products */,
			);
			sourceTree = "<group>";
		};
		B357ABD229A80AB2001F5CAC /* Products */ = {
			isa = PBXGroup;
			children = (
				B357ABD129A80AB2001F5CAC /* Codepath - My Story Project.app */,
			);
			name = Products;
			sourceTree = "<group>";
		};
		B357ABD329A80AB2001F5CAC /* Codepath - My Story Project */ = {
			isa = PBXGroup;
			children = (
				B357ABEC29A85C68001F5CAC /* DetailViewController.swift */,
				B357ABD429A80AB2001F5CAC /* AppDelegate.swift */,
				B357ABD629A80AB2001F5CAC /* SceneDelegate.swift */,
				B357ABD829A80AB2001F5CAC /* ViewController.swift */,
				B357ABDA29A80AB2001F5CAC /* Main.storyboard */,
				B357ABDD29A80AB2001F5CAC /* Assets.xcassets */,
				B357ABDF29A80AB2001F5CAC /* LaunchScreen.storyboard */,
				B357ABE229A80AB2001F5CAC /* Info.plist */,
				B357ABEA29A8598C001F5CAC /* Context.swift */,
			);
			path = "Codepath - My Story Project";
			sourceTree = "<group>";
		};
/* End PBXGroup section */

/* Begin PBXNativeTarget section */
		B357ABD029A80AB2001F5CAC /* Codepath - My Story Project */ = {
			isa = PBXNativeTarget;
			buildConfigurationList = B357ABE529A80AB2001F5CAC /* Build configuration list for PBXNativeTarget "Codepath - My Story Project" */;
			buildPhases = (
				B357ABCD29A80AB2001F5CAC /* Sources */,
				B357ABCE29A80AB2001F5CAC /* Frameworks */,
				B357ABCF29A80AB2001F5CAC /* Resources */,
			);
			buildRules = (
			);
			dependencies = (
			);
			name = "Codepath - My Story Project";
			productName = "Codepath - My Story Project";
			productReference = B357ABD129A80AB2001F5CAC /* Codepath - My Story Project.app */;
			productType = "com.apple.product-type.application";
		};
/* End PBXNativeTarget section */

/* Begin PBXProject section */
		B357ABC929A80AB1001F5CAC /* Project object */ = {
			isa = PBXProject;
			attributes = {
				BuildIndependentTargetsInParallel = 1;
				LastSwiftUpdateCheck = 1420;
				LastUpgradeCheck = 1420;
				TargetAttributes = {
					B357ABD029A80AB2001F5CAC = {
						CreatedOnToolsVersion = 14.2;
					};
				};
			};
			buildConfigurationList = B357ABCC29A80AB1001F5CAC /* Build configuration list for PBXProject "Codepath - My Story Project" */;
			compatibilityVersion = "Xcode 14.0";
			developmentRegion = en;
			hasScannedForEncodings = 0;
			knownRegions = (
				en,
				Base,
			);
			mainGroup = B357ABC829A80AB1001F5CAC;
			productRefGroup = B357ABD229A80AB2001F5CAC /* Products */;
			projectDirPath = "";
			projectRoot = "";
			targets = (
				B357ABD029A80AB2001F5CAC /* Codepath - My Story Project */,
			);
		};
/* End PBXProject section */

/* Begin PBXResourcesBuildPhase section */
		B357ABCF29A80AB2001F5CAC /* Resources */ = {
			isa = PBXResourcesBuildPhase;
			buildActionMask = 2147483647;
			files = (
				B357ABE129A80AB2001F5CAC /* LaunchScreen.storyboard in Resources */,
				B357ABDE29A80AB2001F5CAC /* Assets.xcassets in Resources */,
				B357ABDC29A80AB2001F5CAC /* Main.storyboard in Resources */,
			);
			runOnlyForDeploymentPostprocessing = 0;
		};
/* End PBXResourcesBuildPhase section */

/* Begin PBXSourcesBuildPhase section */
		B357ABCD29A80AB2001F5CAC /* Sources */ = {
			isa = PBXSourcesBuildPhase;
			buildActionMask = 2147483647;
			files = (
				B357ABD929A80AB2001F5CAC /* ViewController.swift in Sources */,
				B357ABEB29A8598C001F5CAC /* Context.swift in Sources */,
				B357ABED29A85C68001F5CAC /* DetailViewController.swift in Sources */,
				B357ABD529A80AB2001F5CAC /* AppDelegate.swift in Sources */,
				B357ABD729A80AB2001F5CAC /* SceneDelegate.swift in Sources */,
			);
			runOnlyForDeploymentPostprocessing = 0;
		};
/* End PBXSourcesBuildPhase section */

/* Begin PBXVariantGroup section */
		B357ABDA29A80AB2001F5CAC /* Main.storyboard */ = {
			isa = PBXVariantGroup;
			children = (
				B357ABDB29A80AB2001F5CAC /* Base */,
			);
			name = Main.storyboard;
			sourceTree = "<group>";
		};
		B357ABDF29A80AB2001F5CAC /* LaunchScreen.storyboard */ = {
			isa = PBXVariantGroup;
			children = (
				B357ABE029A80AB2001F5CAC /* Base */,
			);
			name = LaunchScreen.storyboard;
			sourceTree = "<group>";
		};
/* End PBXVariantGroup section */

/* Begin XCBuildConfiguration section */
		B357ABE329A80AB2001F5CAC /* Debug */ = {
			isa = XCBuildConfiguration;
			buildSettings = {
				ALWAYS_SEARCH_USER_PATHS = NO;
				CLANG_ANALYZER_NONNULL = YES;
				CLANG_ANALYZER_NUMBER_OBJECT_CONVERSION = YES_AGGRESSIVE;
				CLANG_CXX_LANGUAGE_STANDARD = "gnu++20";
				CLANG_ENABLE_MODULES = YES;
				CLANG_ENABLE_OBJC_ARC = YES;
				CLANG_ENABLE_OBJC_WEAK = YES;
				CLANG_WARN_BLOCK_CAPTURE_AUTORELEASING = YES;
				CLANG_WARN_BOOL_CONVERSION = YES;
				CLANG_WARN_COMMA = YES;
				CLANG_WARN_CONSTANT_CONVERSION = YES;
				CLANG_WARN_DEPRECATED_OBJC_IMPLEMENTATIONS = YES;
				CLANG_WARN_DIRECT_OBJC_ISA_USAGE = YES_ERROR;
				CLANG_WARN_DOCUMENTATION_COMMENTS = YES;
				CLANG_WARN_EMPTY_BODY = YES;
				CLANG_WARN_ENUM_CONVERSION = YES;
				CLANG_WARN_INFINITE_RECURSION = YES;
				CLANG_WARN_INT_CONVERSION = YES;
				CLANG_WARN_NON_LITERAL_NULL_CONVERSION = YES;
				CLANG_WARN_OBJC_IMPLICIT_RETAIN_SELF = YES;
				CLANG_WARN_OBJC_LITERAL_CONVERSION = YES;
				CLANG_WARN_OBJC_ROOT_CLASS = YES_ERROR;
				CLANG_WARN_QUOTED_INCLUDE_IN_FRAMEWORK_HEADER = YES;
				CLANG_WARN_RANGE_LOOP_ANALYSIS = YES;
				CLANG_WARN_STRICT_PROTOTYPES = YES;
				CLANG_WARN_SUSPICIOUS_MOVE = YES;
				CLANG_WARN_UNGUARDED_AVAILABILITY = YES_AGGRESSIVE;
				CLANG_WARN_UNREACHABLE_CODE = YES;
				CLANG_WARN__DUPLICATE_METHOD_MATCH = YES;
				COPY_PHASE_STRIP = NO;
				DEBUG_INFORMATION_FORMAT = dwarf;
				ENABLE_STRICT_OBJC_MSGSEND = YES;
				ENABLE_TESTABILITY = YES;
				GCC_C_LANGUAGE_STANDARD = gnu11;
				GCC_DYNAMIC_NO_PIC = NO;
				GCC_NO_COMMON_BLOCKS = YES;
				GCC_OPTIMIZATION_LEVEL = 0;
				GCC_PREPROCESSOR_DEFINITIONS = (
					"DEBUG=1",
					"$(inherited)",
				);
				GCC_WARN_64_TO_32_BIT_CONVERSION = YES;
				GCC_WARN_ABOUT_RETURN_TYPE = YES_ERROR;
				GCC_WARN_UNDECLARED_SELECTOR = YES;
				GCC_WARN_UNINITIALIZED_AUTOS = YES_AGGRESSIVE;
				GCC_WARN_UNUSED_FUNCTION = YES;
				GCC_WARN_UNUSED_VARIABLE = YES;
				IPHONEOS_DEPLOYMENT_TARGET = 16.2;
				MTL_ENABLE_DEBUG_INFO = INCLUDE_SOURCE;
				MTL_FAST_MATH = YES;
				ONLY_ACTIVE_ARCH = YES;
				SDKROOT = iphoneos;
				SWIFT_ACTIVE_COMPILATION_CONDITIONS = DEBUG;
				SWIFT_OPTIMIZATION_LEVEL = "-Onone";
			};
			name = Debug;
		};
		B357ABE429A80AB2001F5CAC /* Release */ = {
			isa = XCBuildConfiguration;
			buildSettings = {
				ALWAYS_SEARCH_USER_PATHS = NO;
				CLANG_ANALYZER_NONNULL = YES;
				CLANG_ANALYZER_NUMBER_OBJECT_CONVERSION = YES_AGGRESSIVE;
				CLANG_CXX_LANGUAGE_STANDARD = "gnu++20";
				CLANG_ENABLE_MODULES = YES;
				CLANG_ENABLE_OBJC_ARC = YES;
				CLANG_ENABLE_OBJC_WEAK = YES;
				CLANG_WARN_BLOCK_CAPTURE_AUTORELEASING = YES;
				CLANG_WARN_BOOL_CONVERSION = YES;
				CLANG_WARN_COMMA = YES;
				CLANG_WARN_CONSTANT_CONVERSION = YES;
				CLANG_WARN_DEPRECATED_OBJC_IMPLEMENTATIONS = YES;
				CLANG_WARN_DIRECT_OBJC_ISA_USAGE = YES_ERROR;
				CLANG_WARN_DOCUMENTATION_COMMENTS = YES;
				CLANG_WARN_EMPTY_BODY = YES;
				CLANG_WARN_ENUM_CONVERSION = YES;
				CLANG_WARN_INFINITE_RECURSION = YES;
				CLANG_WARN_INT_CONVERSION = YES;
				CLANG_WARN_NON_LITERAL_NULL_CONVERSION = YES;
				CLANG_WARN_OBJC_IMPLICIT_RETAIN_SELF = YES;
				CLANG_WARN_OBJC_LITERAL_CONVERSION = YES;
				CLANG_WARN_OBJC_ROOT_CLASS = YES_ERROR;
				CLANG_WARN_QUOTED_INCLUDE_IN_FRAMEWORK_HEADER = YES;
				CLANG_WARN_RANGE_LOOP_ANALYSIS = YES;
				CLANG_WARN_STRICT_PROTOTYPES = YES;
				CLANG_WARN_SUSPICIOUS_MOVE = YES;
				CLANG_WARN_UNGUARDED_AVAILABILITY = YES_AGGRESSIVE;
				CLANG_WARN_UNREACHABLE_CODE = YES;
				CLANG_WARN__DUPLICATE_METHOD_MATCH = YES;
				COPY_PHASE_STRIP = NO;
				DEBUG_INFORMATION_FORMAT = "dwarf-with-dsym";
				ENABLE_NS_ASSERTIONS = NO;
				ENABLE_STRICT_OBJC_MSGSEND = YES;
				GCC_C_LANGUAGE_STANDARD = gnu11;
				GCC_NO_COMMON_BLOCKS = YES;
				GCC_WARN_64_TO_32_BIT_CONVERSION = YES;
				GCC_WARN_ABOUT_RETURN_TYPE = YES_ERROR;
				GCC_WARN_UNDECLARED_SELECTOR = YES;
				GCC_WARN_UNINITIALIZED_AUTOS = YES_AGGRESSIVE;
				GCC_WARN_UNUSED_FUNCTION = YES;
				GCC_WARN_UNUSED_VARIABLE = YES;
				IPHONEOS_DEPLOYMENT_TARGET = 16.2;
				MTL_ENABLE_DEBUG_INFO = NO;
				MTL_FAST_MATH = YES;
				SDKROOT = iphoneos;
				SWIFT_COMPILATION_MODE = wholemodule;
				SWIFT_OPTIMIZATION_LEVEL = "-O";
				VALIDATE_PRODUCT = YES;
			};
			name = Release;
		};
		B357ABE629A80AB2001F5CAC /* Debug */ = {
			isa = XCBuildConfiguration;
			buildSettings = {
				ASSETCATALOG_COMPILER_APPICON_NAME = AppIcon;
				"ASSETCATALOG_COMPILER_APPICON_NAME[sdk=iphoneos*]" = AppIcon;
				ASSETCATALOG_COMPILER_GLOBAL_ACCENT_COLOR_NAME = AccentColor;
				ASSETCATALOG_COMPILER_INCLUDE_ALL_APPICON_ASSETS = YES;
				CODE_SIGN_STYLE = Automatic;
				CURRENT_PROJECT_VERSION = 1;
				DEVELOPMENT_TEAM = XFG5L8LD8A;
				GENERATE_INFOPLIST_FILE = YES;
				INFOPLIST_FILE = "Codepath - My Story Project/Info.plist";
				INFOPLIST_KEY_UIApplicationSupportsIndirectInputEvents = YES;
				INFOPLIST_KEY_UILaunchStoryboardName = LaunchScreen;
				INFOPLIST_KEY_UIMainStoryboardFile = Main;
				INFOPLIST_KEY_UISupportedInterfaceOrientations_iPad = "UIInterfaceOrientationPortrait UIInterfaceOrientationPortraitUpsideDown UIInterfaceOrientationLandscapeLeft UIInterfaceOrientationLandscapeRight";
				INFOPLIST_KEY_UISupportedInterfaceOrientations_iPhone = "UIInterfaceOrientationPortrait UIInterfaceOrientationLandscapeLeft UIInterfaceOrientationLandscapeRight";
				LD_RUNPATH_SEARCH_PATHS = (
					"$(inherited)",
					"@executable_path/Frameworks",
				);
				MARKETING_VERSION = 1.0;
				PRODUCT_BUNDLE_IDENTIFIER = "matic.Codepath---My-Story-Project";
				PRODUCT_NAME = "$(TARGET_NAME)";
				SWIFT_EMIT_LOC_STRINGS = YES;
				SWIFT_VERSION = 5.0;
				TARGETED_DEVICE_FAMILY = "1,2";
			};
			name = Debug;
		};
		B357ABE729A80AB2001F5CAC /* Release */ = {
			isa = XCBuildConfiguration;
			buildSettings = {
				ASSETCATALOG_COMPILER_APPICON_NAME = AppIcon;
				"ASSETCATALOG_COMPILER_APPICON_NAME[sdk=iphoneos*]" = AppIcon;
				ASSETCATALOG_COMPILER_GLOBAL_ACCENT_COLOR_NAME = AccentColor;
				ASSETCATALOG_COMPILER_INCLUDE_ALL_APPICON_ASSETS = YES;
				CODE_SIGN_STYLE = Automatic;
				CURRENT_PROJECT_VERSION = 1;
				DEVELOPMENT_TEAM = XFG5L8LD8A;
				GENERATE_INFOPLIST_FILE = YES;
				INFOPLIST_FILE = "Codepath - My Story Project/Info.plist";
				INFOPLIST_KEY_UIApplicationSupportsIndirectInputEvents = YES;
				INFOPLIST_KEY_UILaunchStoryboardName = LaunchScreen;
				INFOPLIST_KEY_UIMainStoryboardFile = Main;
				INFOPLIST_KEY_UISupportedInterfaceOrientations_iPad = "UIInterfaceOrientationPortrait UIInterfaceOrientationPortraitUpsideDown UIInterfaceOrientationLandscapeLeft UIInterfaceOrientationLandscapeRight";
				INFOPLIST_KEY_UISupportedInterfaceOrientations_iPhone = "UIInterfaceOrientationPortrait UIInterfaceOrientationLandscapeLeft UIInterfaceOrientationLandscapeRight";
				LD_RUNPATH_SEARCH_PATHS = (
					"$(inherited)",
					"@executable_path/Frameworks",
				);
				MARKETING_VERSION = 1.0;
				PRODUCT_BUNDLE_IDENTIFIER = "matic.Codepath---My-Story-Project";
				PRODUCT_NAME = "$(TARGET_NAME)";
				SWIFT_EMIT_LOC_STRINGS = YES;
				SWIFT_VERSION = 5.0;
				TARGETED_DEVICE_FAMILY = "1,2";
			};
			name = Release;
		};
/* End XCBuildConfiguration section */

/* Begin XCConfigurationList section */
		B357ABCC29A80AB1001F5CAC /* Build configuration list for PBXProject "Codepath - My Story Project" */ = {
			isa = XCConfigurationList;
			buildConfigurations = (
				B357ABE329A80AB2001F5CAC /* Debug */,
				B357ABE429A80AB2001F5CAC /* Release */,
			);
			defaultConfigurationIsVisible = 0;
			defaultConfigurationName = Release;
		};
		B357ABE529A80AB2001F5CAC /* Build configuration list for PBXNativeTarget "Codepath - My Story Project" */ = {
			isa = XCConfigurationList;
			buildConfigurations = (
				B357ABE629A80AB2001F5CAC /* Debug */,
				B357ABE729A80AB2001F5CAC /* Release */,
			);
			defaultConfigurationIsVisible = 0;
			defaultConfigurationName = Release;
		};
/* End XCConfigurationList section */
	};
	rootObject = B357ABC929A80AB1001F5CAC /* Project object */;
}
